
Microsoft Visual Studio Solution File, Format Version 12.00
# Visual Studio Version 16
VisualStudioVersion = 16.0.31729.503
MinimumVisualStudioVersion = 10.0.40219.1
Project("{FAE04EC0-301F-11D3-BF4B-00C04F79EFBC}") = "SampleProject", "SampleProject\SampleProject.csproj", "{D550EA2C-B905-464E-A7E3-7C78D481DC3A}"
EndProject
Global
	GlobalSection(SolutionConfigurationPlatforms) = preSolution
		Debug|Any CPU = Debug|Any CPU
		Release|Any CPU = Release|Any CPU
	EndGlobalSection
	GlobalSection(ProjectConfigurationPlatforms) = postSolution
		{D550EA2C-B905-464E-A7E3-7C78D481DC3A}.Debug|Any CPU.ActiveCfg = Debug|Any CPU
		{D550EA2C-B905-464E-A7E3-7C78D481DC3A}.Debug|Any CPU.Build.0 = Debug|Any CPU
		{D550EA2C-B905-464E-A7E3-7C78D481DC3A}.Release|Any CPU.ActiveCfg = Release|Any CPU
		{D550EA2C-B905-464E-A7E3-7C78D481DC3A}.Release|Any CPU.Build.0 = Release|Any CPU
	EndGlobalSection
	GlobalSection(SolutionProperties) = preSolution
		HideSolutionNode = FALSE
	EndGlobalSection
	GlobalSection(ExtensibilityGlobals) = postSolution
		SolutionGuid = {D748DA90-4FF2-4EA0-8C71-4FB16262F24D}
	EndGlobalSection
EndGlobal
